// !$*UTF8*$!
{
	archiveVersion = 1;
	classes = {
	};
	objectVersion = 50;
	objects = {

/* Begin PBXBuildFile section */
		A78FE2DE93F1AC22583387DA /* Pods_Currency_MVVM.framework in Frameworks */ = {isa = PBXBuildFile; fileRef = 9FB6BE3EECEF99BEFAB2FCF9 /* Pods_Currency_MVVM.framework */; };
		BAF2429B229F24FF00E33DC8 /* AppDelegate.swift in Sources */ = {isa = PBXBuildFile; fileRef = BAF2429A229F24FF00E33DC8 /* AppDelegate.swift */; };
		BAF2429D229F24FF00E33DC8 /* ViewController.swift in Sources */ = {isa = PBXBuildFile; fileRef = BAF2429C229F24FF00E33DC8 /* ViewController.swift */; };
		BAF242A2229F250700E33DC8 /* Assets.xcassets in Resources */ = {isa = PBXBuildFile; fileRef = BAF242A1229F250700E33DC8 /* Assets.xcassets */; };
		BAF242A5229F250700E33DC8 /* LaunchScreen.storyboard in Resources */ = {isa = PBXBuildFile; fileRef = BAF242A3229F250700E33DC8 /* LaunchScreen.storyboard */; };
		BAF242B3229F268600E33DC8 /* Rates.swift in Sources */ = {isa = PBXBuildFile; fileRef = BAF242B2229F268600E33DC8 /* Rates.swift */; };
		BAF242B6229F273000E33DC8 /* ServiceProtocol.swift in Sources */ = {isa = PBXBuildFile; fileRef = BAF242B4229F273000E33DC8 /* ServiceProtocol.swift */; };
		BAF242B7229F273000E33DC8 /* CurrencyRatesService.swift in Sources */ = {isa = PBXBuildFile; fileRef = BAF242B5229F273000E33DC8 /* CurrencyRatesService.swift */; };
		BAF242B9229F277600E33DC8 /* Main.storyboard in Resources */ = {isa = PBXBuildFile; fileRef = BAF242B8229F277600E33DC8 /* Main.storyboard */; };
/* End PBXBuildFile section */

/* Begin PBXFileReference section */
		9FB6BE3EECEF99BEFAB2FCF9 /* Pods_Currency_MVVM.framework */ = {isa = PBXFileReference; explicitFileType = wrapper.framework; includeInIndex = 0; path = Pods_Currency_MVVM.framework; sourceTree = BUILT_PRODUCTS_DIR; };
		A8EB1A56802DF426491CE6C8 /* Pods-Currency_MVVM.debug.xcconfig */ = {isa = PBXFileReference; includeInIndex = 1; lastKnownFileType = text.xcconfig; name = "Pods-Currency_MVVM.debug.xcconfig"; path = "Target Support Files/Pods-Currency_MVVM/Pods-Currency_MVVM.debug.xcconfig"; sourceTree = "<group>"; };
		BAF24297229F24FF00E33DC8 /* Currency_MVVM.app */ = {isa = PBXFileReference; explicitFileType = wrapper.application; includeInIndex = 0; path = Currency_MVVM.app; sourceTree = BUILT_PRODUCTS_DIR; };
		BAF2429A229F24FF00E33DC8 /* AppDelegate.swift */ = {isa = PBXFileReference; lastKnownFileType = sourcecode.swift; path = AppDelegate.swift; sourceTree = "<group>"; };
		BAF2429C229F24FF00E33DC8 /* ViewController.swift */ = {isa = PBXFileReference; lastKnownFileType = sourcecode.swift; path = ViewController.swift; sourceTree = "<group>"; };
		BAF242A1229F250700E33DC8 /* Assets.xcassets */ = {isa = PBXFileReference; lastKnownFileType = folder.assetcatalog; path = Assets.xcassets; sourceTree = "<group>"; };
		BAF242A4229F250700E33DC8 /* Base */ = {isa = PBXFileReference; lastKnownFileType = file.storyboard; name = Base; path = Base.lproj/LaunchScreen.storyboard; sourceTree = "<group>"; };
		BAF242A6229F250700E33DC8 /* Info.plist */ = {isa = PBXFileReference; lastKnownFileType = text.plist.xml; path = Info.plist; sourceTree = "<group>"; };
		BAF242B2229F268600E33DC8 /* Rates.swift */ = {isa = PBXFileReference; fileEncoding = 4; lastKnownFileType = sourcecode.swift; path = Rates.swift; sourceTree = "<group>"; };
		BAF242B4229F273000E33DC8 /* ServiceProtocol.swift */ = {isa = PBXFileReference; fileEncoding = 4; lastKnownFileType = sourcecode.swift; path = ServiceProtocol.swift; sourceTree = "<group>"; };
		BAF242B5229F273000E33DC8 /* CurrencyRatesService.swift */ = {isa = PBXFileReference; fileEncoding = 4; lastKnownFileType = sourcecode.swift; path = CurrencyRatesService.swift; sourceTree = "<group>"; };
		BAF242B8229F277600E33DC8 /* Main.storyboard */ = {isa = PBXFileReference; fileEncoding = 4; lastKnownFileType = file.storyboard; path = Main.storyboard; sourceTree = "<group>"; };
		EA5D1C8F6DFDE112FC8594F5 /* Pods-Currency_MVVM.release.xcconfig */ = {isa = PBXFileReference; includeInIndex = 1; lastKnownFileType = text.xcconfig; name = "Pods-Currency_MVVM.release.xcconfig"; path = "Target Support Files/Pods-Currency_MVVM/Pods-Currency_MVVM.release.xcconfig"; sourceTree = "<group>"; };
/* End PBXFileReference section */

/* Begin PBXFrameworksBuildPhase section */
		BAF24294229F24FF00E33DC8 /* Frameworks */ = {
			isa = PBXFrameworksBuildPhase;
			buildActionMask = 2147483647;
			files = (
				A78FE2DE93F1AC22583387DA /* Pods_Currency_MVVM.framework in Frameworks */,
			);
			runOnlyForDeploymentPostprocessing = 0;
		};
/* End PBXFrameworksBuildPhase section */

/* Begin PBXGroup section */
		49682C493C9DEE57B270A459 /* Pods */ = {
			isa = PBXGroup;
			children = (
				A8EB1A56802DF426491CE6C8 /* Pods-Currency_MVVM.debug.xcconfig */,
				EA5D1C8F6DFDE112FC8594F5 /* Pods-Currency_MVVM.release.xcconfig */,
			);
			name = Pods;
			path = Pods;
			sourceTree = "<group>";
		};
		8FD68DC6304B30E018929D9D /* Frameworks */ = {
			isa = PBXGroup;
			children = (
				9FB6BE3EECEF99BEFAB2FCF9 /* Pods_Currency_MVVM.framework */,
			);
			name = Frameworks;
			sourceTree = "<group>";
		};
		BAF2428E229F24FE00E33DC8 = {
			isa = PBXGroup;
			children = (
				BAF24299229F24FF00E33DC8 /* Currency_MVVM */,
				BAF24298229F24FF00E33DC8 /* Products */,
				49682C493C9DEE57B270A459 /* Pods */,
				8FD68DC6304B30E018929D9D /* Frameworks */,
			);
			sourceTree = "<group>";
		};
		BAF24298229F24FF00E33DC8 /* Products */ = {
			isa = PBXGroup;
			children = (
				BAF24297229F24FF00E33DC8 /* Currency_MVVM.app */,
			);
			name = Products;
			sourceTree = "<group>";
		};
		BAF24299229F24FF00E33DC8 /* Currency_MVVM */ = {
			isa = PBXGroup;
			children = (
				BAF242B1229F264C00E33DC8 /* view_model */,
				BAF242B0229F263E00E33DC8 /* view */,
				BAF242AF229F262800E33DC8 /* Services */,
				BAF242AE229F261D00E33DC8 /* model */,
				BAF2429A229F24FF00E33DC8 /* AppDelegate.swift */,
				BAF242A1229F250700E33DC8 /* Assets.xcassets */,
				BAF242A6229F250700E33DC8 /* Info.plist */,
			);
			path = Currency_MVVM;
			sourceTree = "<group>";
		};
		BAF242AE229F261D00E33DC8 /* model */ = {
			isa = PBXGroup;
			children = (
				BAF242B2229F268600E33DC8 /* Rates.swift */,
			);
			path = model;
			sourceTree = "<group>";
		};
		BAF242AF229F262800E33DC8 /* Services */ = {
			isa = PBXGroup;
			children = (
				BAF242B5229F273000E33DC8 /* CurrencyRatesService.swift */,
				BAF242B4229F273000E33DC8 /* ServiceProtocol.swift */,
			);
			path = Services;
			sourceTree = "<group>";
		};
		BAF242B0229F263E00E33DC8 /* view */ = {
			isa = PBXGroup;
			children = (
				BAF2429C229F24FF00E33DC8 /* ViewController.swift */,
				BAF242A3229F250700E33DC8 /* LaunchScreen.storyboard */,
				BAF242B8229F277600E33DC8 /* Main.storyboard */,
			);
			path = view;
			sourceTree = "<group>";
		};
		BAF242B1229F264C00E33DC8 /* view_model */ = {
			isa = PBXGroup;
			children = (
			);
			path = view_model;
			sourceTree = "<group>";
		};
/* End PBXGroup section */

/* Begin PBXNativeTarget section */
		BAF24296229F24FF00E33DC8 /* Currency_MVVM */ = {
			isa = PBXNativeTarget;
			buildConfigurationList = BAF242A9229F250700E33DC8 /* Build configuration list for PBXNativeTarget "Currency_MVVM" */;
			buildPhases = (
				AF4CF30139063CE97BCC0527 /* [CP] Check Pods Manifest.lock */,
				BAF24293229F24FF00E33DC8 /* Sources */,
				BAF24294229F24FF00E33DC8 /* Frameworks */,
				BAF24295229F24FF00E33DC8 /* Resources */,
				FF37B2A0850BB9954258BA30 /* [CP] Embed Pods Frameworks */,
			);
			buildRules = (
			);
			dependencies = (
			);
			name = Currency_MVVM;
			productName = Currency_MVVM;
			productReference = BAF24297229F24FF00E33DC8 /* Currency_MVVM.app */;
			productType = "com.apple.product-type.application";
		};
/* End PBXNativeTarget section */

/* Begin PBXProject section */
		BAF2428F229F24FE00E33DC8 /* Project object */ = {
			isa = PBXProject;
			attributes = {
				LastSwiftUpdateCheck = 0930;
				LastUpgradeCheck = 0930;
				ORGANIZATIONNAME = iti;
				TargetAttributes = {
					BAF24296229F24FF00E33DC8 = {
						CreatedOnToolsVersion = 9.3;
					};
				};
			};
			buildConfigurationList = BAF24292229F24FE00E33DC8 /* Build configuration list for PBXProject "Currency_MVVM" */;
			compatibilityVersion = "Xcode 9.3";
			developmentRegion = en;
			hasScannedForEncodings = 0;
			knownRegions = (
				en,
				Base,
			);
			mainGroup = BAF2428E229F24FE00E33DC8;
			productRefGroup = BAF24298229F24FF00E33DC8 /* Products */;
			projectDirPath = "";
			projectRoot = "";
			targets = (
				BAF24296229F24FF00E33DC8 /* Currency_MVVM */,
			);
		};
/* End PBXProject section */

/* Begin PBXResourcesBuildPhase section */
		BAF24295229F24FF00E33DC8 /* Resources */ = {
			isa = PBXResourcesBuildPhase;
			buildActionMask = 2147483647;
			files = (
				BAF242A5229F250700E33DC8 /* LaunchScreen.storyboard in Resources */,
				BAF242A2229F250700E33DC8 /* Assets.xcassets in Resources */,
				BAF242B9229F277600E33DC8 /* Main.storyboard in Resources */,
			);
			runOnlyForDeploymentPostprocessing = 0;
		};
/* End PBXResourcesBuildPhase section */

/* Begin PBXShellScriptBuildPhase section */
		AF4CF30139063CE97BCC0527 /* [CP] Check Pods Manifest.lock */ = {
			isa = PBXShellScriptBuildPhase;
			buildActionMask = 2147483647;
			files = (
			);
			inputFileListPaths = (
			);
			inputPaths = (
				"${PODS_PODFILE_DIR_PATH}/Podfile.lock",
				"${PODS_ROOT}/Manifest.lock",
			);
			name = "[CP] Check Pods Manifest.lock";
			outputFileListPaths = (
			);
			outputPaths = (
				"$(DERIVED_FILE_DIR)/Pods-Currency_MVVM-checkManifestLockResult.txt",
			);
			runOnlyForDeploymentPostprocessing = 0;
			shellPath = /bin/sh;
			shellScript = "diff \"${PODS_PODFILE_DIR_PATH}/Podfile.lock\" \"${PODS_ROOT}/Manifest.lock\" > /dev/null\nif [ $? != 0 ] ; then\n    # print error to STDERR\n    echo \"error: The sandbox is not in sync with the Podfile.lock. Run 'pod install' or update your CocoaPods installation.\" >&2\n    exit 1\nfi\n# This output is used by Xcode 'outputs' to avoid re-running this script phase.\necho \"SUCCESS\" > \"${SCRIPT_OUTPUT_FILE_0}\"\n";
			showEnvVarsInLog = 0;
		};
		FF37B2A0850BB9954258BA30 /* [CP] Embed Pods Frameworks */ = {
			isa = PBXShellScriptBuildPhase;
			buildActionMask = 2147483647;
			files = (
			);
			inputFileListPaths = (
			);
			inputPaths = (
				"${PODS_ROOT}/Target Support Files/Pods-Currency_MVVM/Pods-Currency_MVVM-frameworks.sh",
				"${BUILT_PRODUCTS_DIR}/Alamofire/Alamofire.framework",
				"${BUILT_PRODUCTS_DIR}/RxAlamofire/RxAlamofire.framework",
				"${BUILT_PRODUCTS_DIR}/RxCocoa/RxCocoa.framework",
				"${BUILT_PRODUCTS_DIR}/RxSwift/RxSwift.framework",
				"${BUILT_PRODUCTS_DIR}/SwiftyJSON/SwiftyJSON.framework",
			);
			name = "[CP] Embed Pods Frameworks";
			outputFileListPaths = (
			);
			outputPaths = (
				"${TARGET_BUILD_DIR}/${FRAMEWORKS_FOLDER_PATH}/Alamofire.framework",
				"${TARGET_BUILD_DIR}/${FRAMEWORKS_FOLDER_PATH}/RxAlamofire.framework",
				"${TARGET_BUILD_DIR}/${FRAMEWORKS_FOLDER_PATH}/RxCocoa.framework",
				"${TARGET_BUILD_DIR}/${FRAMEWORKS_FOLDER_PATH}/RxSwift.framework",
				"${TARGET_BUILD_DIR}/${FRAMEWORKS_FOLDER_PATH}/SwiftyJSON.framework",
			);
			runOnlyForDeploymentPostprocessing = 0;
			shellPath = /bin/sh;
			shellScript = "\"${PODS_ROOT}/Target Support Files/Pods-Currency_MVVM/Pods-Currency_MVVM-frameworks.sh\"\n";
			showEnvVarsInLog = 0;
		};
/* End PBXShellScriptBuildPhase section */

/* Begin PBXSourcesBuildPhase section */
		BAF24293229F24FF00E33DC8 /* Sources */ = {
			isa = PBXSourcesBuildPhase;
			buildActionMask = 2147483647;
			files = (
				BAF2429D229F24FF00E33DC8 /* ViewController.swift in Sources */,
				BAF242B3229F268600E33DC8 /* Rates.swift in Sources */,
				BAF2429B229F24FF00E33DC8 /* AppDelegate.swift in Sources */,
				BAF242B6229F273000E33DC8 /* ServiceProtocol.swift in Sources */,
				BAF242B7229F273000E33DC8 /* CurrencyRatesService.swift in Sources */,
			);
			runOnlyForDeploymentPostprocessing = 0;
		};
/* End PBXSourcesBuildPhase section */

/* Begin PBXVariantGroup section */
		BAF242A3229F250700E33DC8 /* LaunchScreen.storyboard */ = {
			isa = PBXVariantGroup;
			children = (
				BAF242A4229F250700E33DC8 /* Base */,
			);
			name = LaunchScreen.storyboard;
			sourceTree = "<group>";
		};
/* End PBXVariantGroup section */

/* Begin XCBuildConfiguration section */
		BAF242A7229F250700E33DC8 /* Debug */ = {
			isa = XCBuildConfiguration;
			buildSettings = {
				ALWAYS_SEARCH_USER_PATHS = NO;
				CLANG_ANALYZER_NONNULL = YES;
				CLANG_ANALYZER_NUMBER_OBJECT_CONVERSION = YES_AGGRESSIVE;
				CLANG_CXX_LANGUAGE_STANDARD = "gnu++14";
				CLANG_CXX_LIBRARY = "libc++";
				CLANG_ENABLE_MODULES = YES;
				CLANG_ENABLE_OBJC_ARC = YES;
				CLANG_ENABLE_OBJC_WEAK = YES;
				CLANG_WARN_BLOCK_CAPTURE_AUTORELEASING = YES;
				CLANG_WARN_BOOL_CONVERSION = YES;
				CLANG_WARN_COMMA = YES;
				CLANG_WARN_CONSTANT_CONVERSION = YES;
				CLANG_WARN_DEPRECATED_OBJC_IMPLEMENTATIONS = YES;
				CLANG_WARN_DIRECT_OBJC_ISA_USAGE = YES_ERROR;
				CLANG_WARN_DOCUMENTATION_COMMENTS = YES;
				CLANG_WARN_EMPTY_BODY = YES;
				CLANG_WARN_ENUM_CONVERSION = YES;
				CLANG_WARN_INFINITE_RECURSION = YES;
				CLANG_WARN_INT_CONVERSION = YES;
				CLANG_WARN_NON_LITERAL_NULL_CONVERSION = YES;
				CLANG_WARN_OBJC_IMPLICIT_RETAIN_SELF = YES;
				CLANG_WARN_OBJC_LITERAL_CONVERSION = YES;
				CLANG_WARN_OBJC_ROOT_CLASS = YES_ERROR;
				CLANG_WARN_RANGE_LOOP_ANALYSIS = YES;
				CLANG_WARN_STRICT_PROTOTYPES = YES;
				CLANG_WARN_SUSPICIOUS_MOVE = YES;
				CLANG_WARN_UNGUARDED_AVAILABILITY = YES_AGGRESSIVE;
				CLANG_WARN_UNREACHABLE_CODE = YES;
				CLANG_WARN__DUPLICATE_METHOD_MATCH = YES;
				CODE_SIGN_IDENTITY = "iPhone Developer";
				COPY_PHASE_STRIP = NO;
				DEBUG_INFORMATION_FORMAT = dwarf;
				ENABLE_STRICT_OBJC_MSGSEND = YES;
				ENABLE_TESTABILITY = YES;
				GCC_C_LANGUAGE_STANDARD = gnu11;
				GCC_DYNAMIC_NO_PIC = NO;
				GCC_NO_COMMON_BLOCKS = YES;
				GCC_OPTIMIZATION_LEVEL = 0;
				GCC_PREPROCESSOR_DEFINITIONS = (
					"DEBUG=1",
					"$(inherited)",
				);
				GCC_WARN_64_TO_32_BIT_CONVERSION = YES;
				GCC_WARN_ABOUT_RETURN_TYPE = YES_ERROR;
				GCC_WARN_UNDECLARED_SELECTOR = YES;
				GCC_WARN_UNINITIALIZED_AUTOS = YES_AGGRESSIVE;
				GCC_WARN_UNUSED_FUNCTION = YES;
				GCC_WARN_UNUSED_VARIABLE = YES;
				IPHONEOS_DEPLOYMENT_TARGET = 11.3;
				MTL_ENABLE_DEBUG_INFO = YES;
				ONLY_ACTIVE_ARCH = YES;
				SDKROOT = iphoneos;
				SWIFT_ACTIVE_COMPILATION_CONDITIONS = DEBUG;
				SWIFT_OPTIMIZATION_LEVEL = "-Onone";
			};
			name = Debug;
		};
		BAF242A8229F250700E33DC8 /* Release */ = {
			isa = XCBuildConfiguration;
			buildSettings = {
				ALWAYS_SEARCH_USER_PATHS = NO;
				CLANG_ANALYZER_NONNULL = YES;
				CLANG_ANALYZER_NUMBER_OBJECT_CONVERSION = YES_AGGRESSIVE;
				CLANG_CXX_LANGUAGE_STANDARD = "gnu++14";
				CLANG_CXX_LIBRARY = "libc++";
				CLANG_ENABLE_MODULES = YES;
				CLANG_ENABLE_OBJC_ARC = YES;
				CLANG_ENABLE_OBJC_WEAK = YES;
				CLANG_WARN_BLOCK_CAPTURE_AUTORELEASING = YES;
				CLANG_WARN_BOOL_CONVERSION = YES;
				CLANG_WARN_COMMA = YES;
				CLANG_WARN_CONSTANT_CONVERSION = YES;
				CLANG_WARN_DEPRECATED_OBJC_IMPLEMENTATIONS = YES;
				CLANG_WARN_DIRECT_OBJC_ISA_USAGE = YES_ERROR;
				CLANG_WARN_DOCUMENTATION_COMMENTS = YES;
				CLANG_WARN_EMPTY_BODY = YES;
				CLANG_WARN_ENUM_CONVERSION = YES;
				CLANG_WARN_INFINITE_RECURSION = YES;
				CLANG_WARN_INT_CONVERSION = YES;
				CLANG_WARN_NON_LITERAL_NULL_CONVERSION = YES;
				CLANG_WARN_OBJC_IMPLICIT_RETAIN_SELF = YES;
				CLANG_WARN_OBJC_LITERAL_CONVERSION = YES;
				CLANG_WARN_OBJC_ROOT_CLASS = YES_ERROR;
				CLANG_WARN_RANGE_LOOP_ANALYSIS = YES;
				CLANG_WARN_STRICT_PROTOTYPES = YES;
				CLANG_WARN_SUSPICIOUS_MOVE = YES;
				CLANG_WARN_UNGUARDED_AVAILABILITY = YES_AGGRESSIVE;
				CLANG_WARN_UNREACHABLE_CODE = YES;
				CLANG_WARN__DUPLICATE_METHOD_MATCH = YES;
				CODE_SIGN_IDENTITY = "iPhone Developer";
				COPY_PHASE_STRIP = NO;
				DEBUG_INFORMATION_FORMAT = "dwarf-with-dsym";
				ENABLE_NS_ASSERTIONS = NO;
				ENABLE_STRICT_OBJC_MSGSEND = YES;
				GCC_C_LANGUAGE_STANDARD = gnu11;
				GCC_NO_COMMON_BLOCKS = YES;
				GCC_WARN_64_TO_32_BIT_CONVERSION = YES;
				GCC_WARN_ABOUT_RETURN_TYPE = YES_ERROR;
				GCC_WARN_UNDECLARED_SELECTOR = YES;
				GCC_WARN_UNINITIALIZED_AUTOS = YES_AGGRESSIVE;
				GCC_WARN_UNUSED_FUNCTION = YES;
				GCC_WARN_UNUSED_VARIABLE = YES;
				IPHONEOS_DEPLOYMENT_TARGET = 11.3;
				MTL_ENABLE_DEBUG_INFO = NO;
				SDKROOT = iphoneos;
				SWIFT_COMPILATION_MODE = wholemodule;
				SWIFT_OPTIMIZATION_LEVEL = "-O";
				VALIDATE_PRODUCT = YES;
			};
			name = Release;
		};
		BAF242AA229F250700E33DC8 /* Debug */ = {
			isa = XCBuildConfiguration;
			baseConfigurationReference = A8EB1A56802DF426491CE6C8 /* Pods-Currency_MVVM.debug.xcconfig */;
			buildSettings = {
				ASSETCATALOG_COMPILER_APPICON_NAME = AppIcon;
				CODE_SIGN_STYLE = Automatic;
				INFOPLIST_FILE = Currency_MVVM/Info.plist;
				LD_RUNPATH_SEARCH_PATHS = (
					"$(inherited)",
					"@executable_path/Frameworks",
				);
				PRODUCT_BUNDLE_IDENTIFIER = "jets.Currency-MVVM";
				PRODUCT_NAME = "$(TARGET_NAME)";
				SWIFT_VERSION = 4.0;
				TARGETED_DEVICE_FAMILY = "1,2";
			};
			name = Debug;
		};
		BAF242AB229F250700E33DC8 /* Release */ = {
			isa = XCBuildConfiguration;
			baseConfigurationReference = EA5D1C8F6DFDE112FC8594F5 /* Pods-Currency_MVVM.release.xcconfig */;
			buildSettings = {
				ASSETCATALOG_COMPILER_APPICON_NAME = AppIcon;
				CODE_SIGN_STYLE = Automatic;
				INFOPLIST_FILE = Currency_MVVM/Info.plist;
				LD_RUNPATH_SEARCH_PATHS = (
					"$(inherited)",
					"@executable_path/Frameworks",
				);
				PRODUCT_BUNDLE_IDENTIFIER = "jets.Currency-MVVM";
				PRODUCT_NAME = "$(TARGET_NAME)";
				SWIFT_VERSION = 4.0;
				TARGETED_DEVICE_FAMILY = "1,2";
			};
			name = Release;
		};
/* End XCBuildConfiguration section */

/* Begin XCConfigurationList section */
		BAF24292229F24FE00E33DC8 /* Build configuration list for PBXProject "Currency_MVVM" */ = {
			isa = XCConfigurationList;
			buildConfigurations = (
				BAF242A7229F250700E33DC8 /* Debug */,
				BAF242A8229F250700E33DC8 /* Release */,
			);
			defaultConfigurationIsVisible = 0;
			defaultConfigurationName = Release;
		};
		BAF242A9229F250700E33DC8 /* Build configuration list for PBXNativeTarget "Currency_MVVM" */ = {
			isa = XCConfigurationList;
			buildConfigurations = (
				BAF242AA229F250700E33DC8 /* Debug */,
				BAF242AB229F250700E33DC8 /* Release */,
			);
			defaultConfigurationIsVisible = 0;
			defaultConfigurationName = Release;
		};
/* End XCConfigurationList section */
	};
	rootObject = BAF2428F229F24FE00E33DC8 /* Project object */;
}
